
Microsoft Visual Studio Solution File, Format Version 12.00
# Visual Studio 15
VisualStudioVersion = 15.0.28307.852
MinimumVisualStudioVersion = 10.0.40219.1
Project("{8BC9CEB8-8B4A-11D0-8D11-00A0C91BC942}") = "HandWritting", "HandWritting\HandWritting.vcxproj", "{4893C784-3E56-4155-A808-F45A7325F053}"
EndProject
Global
	GlobalSection(SolutionConfigurationPlatforms) = preSolution
		Debug|x64 = Debug|x64
		Debug|x86 = Debug|x86
		Release|x64 = Release|x64
		Release|x86 = Release|x86
	EndGlobalSection
	GlobalSection(ProjectConfigurationPlatforms) = postSolution
		{4893C784-3E56-4155-A808-F45A7325F053}.Debug|x64.ActiveCfg = Debug|x64
		{4893C784-3E56-4155-A808-F45A7325F053}.Debug|x64.Build.0 = Debug|x64
		{4893C784-3E56-4155-A808-F45A7325F053}.Debug|x86.ActiveCfg = Debug|Win32
		{4893C784-3E56-4155-A808-F45A7325F053}.Debug|x86.Build.0 = Debug|Win32
		{4893C784-3E56-4155-A808-F45A7325F053}.Release|x64.ActiveCfg = Release|x64
		{4893C784-3E56-4155-A808-F45A7325F053}.Release|x64.Build.0 = Release|x64
		{4893C784-3E56-4155-A808-F45A7325F053}.Release|x86.ActiveCfg = Release|Win32
		{4893C784-3E56-4155-A808-F45A7325F053}.Release|x86.Build.0 = Release|Win32
	EndGlobalSection
	GlobalSection(SolutionProperties) = preSolution
		HideSolutionNode = FALSE
	EndGlobalSection
	GlobalSection(ExtensibilityGlobals) = postSolution
		SolutionGuid = {91B237E3-C8E7-40C4-8096-239BD416B0F1}
	EndGlobalSection
EndGlobal
